
Microsoft Visual Studio Solution File, Format Version 12.00
# Visual Studio 14
VisualStudioVersion = 14.0.25420.1
MinimumVisualStudioVersion = 10.0.40219.1
Project("{FAE04EC0-301F-11D3-BF4B-00C04F79EFBC}") = "LotteryAnalyze", "LotteryAnalyze\LotteryAnalyze.csproj", "{7A78DBD0-7A36-43E5-BF9C-AB3F9CF8649F}"
EndProject
Project("{FAE04EC0-301F-11D3-BF4B-00C04F79EFBC}") = "HtmlAgilityPack_Main", "HtmlAgilityPack1_4_0\HtmlAgilityPack\HtmlAgilityPack_Main.csproj", "{193BB801-054F-4729-9D5D-FCE1E32594BF}"
EndProject
Project("{FAE04EC0-301F-11D3-BF4B-00C04F79EFBC}") = "DockSample", "DockSample\DockSample.csproj", "{40793A27-478B-4357-B4C3-FC8943131F3D}"
EndProject
Project("{FAE04EC0-301F-11D3-BF4B-00C04F79EFBC}") = "EditorUIFramework", "EditorUIFramework\EditorUIFramework.csproj", "{F438D0E0-AC7D-4979-8052-D0CC520D006C}"
EndProject
Project("{FAE04EC0-301F-11D3-BF4B-00C04F79EFBC}") = "LotteryStudio", "LotteryStudio\LotteryStudio.csproj", "{CC4FBE42-B5FD-4121-97D4-200B13CBDB1A}"
EndProject
Global
	GlobalSection(SolutionConfigurationPlatforms) = preSolution
		Debug|Any CPU = Debug|Any CPU
		Debug|x86 = Debug|x86
		Release|Any CPU = Release|Any CPU
		Release|x86 = Release|x86
	EndGlobalSection
	GlobalSection(ProjectConfigurationPlatforms) = postSolution
		{7A78DBD0-7A36-43E5-BF9C-AB3F9CF8649F}.Debug|Any CPU.ActiveCfg = Debug|x86
		{7A78DBD0-7A36-43E5-BF9C-AB3F9CF8649F}.Debug|Any CPU.Build.0 = Debug|x86
		{7A78DBD0-7A36-43E5-BF9C-AB3F9CF8649F}.Debug|x86.ActiveCfg = Debug|x86
		{7A78DBD0-7A36-43E5-BF9C-AB3F9CF8649F}.Debug|x86.Build.0 = Debug|x86
		{7A78DBD0-7A36-43E5-BF9C-AB3F9CF8649F}.Release|Any CPU.ActiveCfg = Release|x86
		{7A78DBD0-7A36-43E5-BF9C-AB3F9CF8649F}.Release|x86.ActiveCfg = Release|x86
		{7A78DBD0-7A36-43E5-BF9C-AB3F9CF8649F}.Release|x86.Build.0 = Release|x86
		{193BB801-054F-4729-9D5D-FCE1E32594BF}.Debug|Any CPU.ActiveCfg = Debug|Any CPU
		{193BB801-054F-4729-9D5D-FCE1E32594BF}.Debug|Any CPU.Build.0 = Debug|Any CPU
		{193BB801-054F-4729-9D5D-FCE1E32594BF}.Debug|x86.ActiveCfg = Debug|Any CPU
		{193BB801-054F-4729-9D5D-FCE1E32594BF}.Debug|x86.Build.0 = Debug|Any CPU
		{193BB801-054F-4729-9D5D-FCE1E32594BF}.Release|Any CPU.ActiveCfg = Release|Any CPU
		{193BB801-054F-4729-9D5D-FCE1E32594BF}.Release|Any CPU.Build.0 = Release|Any CPU
		{193BB801-054F-4729-9D5D-FCE1E32594BF}.Release|x86.ActiveCfg = Release|Any CPU
		{193BB801-054F-4729-9D5D-FCE1E32594BF}.Release|x86.Build.0 = Release|Any CPU
		{40793A27-478B-4357-B4C3-FC8943131F3D}.Debug|Any CPU.ActiveCfg = Debug|Any CPU
		{40793A27-478B-4357-B4C3-FC8943131F3D}.Debug|Any CPU.Build.0 = Debug|Any CPU
		{40793A27-478B-4357-B4C3-FC8943131F3D}.Debug|x86.ActiveCfg = Debug|Any CPU
		{40793A27-478B-4357-B4C3-FC8943131F3D}.Debug|x86.Build.0 = Debug|Any CPU
		{40793A27-478B-4357-B4C3-FC8943131F3D}.Release|Any CPU.ActiveCfg = Release|Any CPU
		{40793A27-478B-4357-B4C3-FC8943131F3D}.Release|Any CPU.Build.0 = Release|Any CPU
		{40793A27-478B-4357-B4C3-FC8943131F3D}.Release|x86.ActiveCfg = Release|Any CPU
		{40793A27-478B-4357-B4C3-FC8943131F3D}.Release|x86.Build.0 = Release|Any CPU
		{F438D0E0-AC7D-4979-8052-D0CC520D006C}.Debug|Any CPU.ActiveCfg = Debug|Any CPU
		{F438D0E0-AC7D-4979-8052-D0CC520D006C}.Debug|Any CPU.Build.0 = Debug|Any CPU
		{F438D0E0-AC7D-4979-8052-D0CC520D006C}.Debug|x86.ActiveCfg = Debug|Any CPU
		{F438D0E0-AC7D-4979-8052-D0CC520D006C}.Debug|x86.Build.0 = Debug|Any CPU
		{F438D0E0-AC7D-4979-8052-D0CC520D006C}.Release|Any CPU.ActiveCfg = Release|Any CPU
		{F438D0E0-AC7D-4979-8052-D0CC520D006C}.Release|Any CPU.Build.0 = Release|Any CPU
		{F438D0E0-AC7D-4979-8052-D0CC520D006C}.Release|x86.ActiveCfg = Release|Any CPU
		{F438D0E0-AC7D-4979-8052-D0CC520D006C}.Release|x86.Build.0 = Release|Any CPU
		{CC4FBE42-B5FD-4121-97D4-200B13CBDB1A}.Debug|Any CPU.ActiveCfg = Debug|x86
		{CC4FBE42-B5FD-4121-97D4-200B13CBDB1A}.Debug|x86.ActiveCfg = Debug|x86
		{CC4FBE42-B5FD-4121-97D4-200B13CBDB1A}.Debug|x86.Build.0 = Debug|x86
		{CC4FBE42-B5FD-4121-97D4-200B13CBDB1A}.Release|Any CPU.ActiveCfg = Release|x86
		{CC4FBE42-B5FD-4121-97D4-200B13CBDB1A}.Release|x86.ActiveCfg = Release|x86
		{CC4FBE42-B5FD-4121-97D4-200B13CBDB1A}.Release|x86.Build.0 = Release|x86
	EndGlobalSection
	GlobalSection(SolutionProperties) = preSolution
		HideSolutionNode = FALSE
	EndGlobalSection
	GlobalSection(ExtensibilityGlobals) = postSolution
		SolutionGuid = {1B56F403-D9DB-4863-A485-19343C457950}
	EndGlobalSection
EndGlobal
